// !$*UTF8*$!
{
	archiveVersion = 1;
	classes = {
	};
	objectVersion = 52;
	objects = {

/* Begin PBXBuildFile section */
		CE609C1726D759440039079F /* activitybench_ytest_v2.csv in Resources */ = {isa = PBXBuildFile; fileRef = CE609C1526D759440039079F /* activitybench_ytest_v2.csv */; };
		CE609C1826D759440039079F /* activitybench_xtest_v2.csv in Resources */ = {isa = PBXBuildFile; fileRef = CE609C1626D759440039079F /* activitybench_xtest_v2.csv */; };
		CE6A4CE42651FF8C0082966F /* ActivitybenchApp.swift in Sources */ = {isa = PBXBuildFile; fileRef = CE6A4CE32651FF8C0082966F /* ActivitybenchApp.swift */; };
		CE6A4CE62651FF8C0082966F /* ContentView.swift in Sources */ = {isa = PBXBuildFile; fileRef = CE6A4CE52651FF8C0082966F /* ContentView.swift */; };
		CE6A4CE82651FF8D0082966F /* Assets.xcassets in Resources */ = {isa = PBXBuildFile; fileRef = CE6A4CE72651FF8D0082966F /* Assets.xcassets */; };
		CE6A4CEB2651FF8D0082966F /* Preview Assets.xcassets in Resources */ = {isa = PBXBuildFile; fileRef = CE6A4CEA2651FF8D0082966F /* Preview Assets.xcassets */; };
		CE6A4CF42652001F0082966F /* TopView.swift in Sources */ = {isa = PBXBuildFile; fileRef = CE6A4CF32652001F0082966F /* TopView.swift */; };
		CE6A4CF72652017C0082966F /* DeviceHardware in Frameworks */ = {isa = PBXBuildFile; productRef = CE6A4CF62652017C0082966F /* DeviceHardware */; };
		CE6A4CFA265202080082966F /* DeviceInformation.swift in Sources */ = {isa = PBXBuildFile; fileRef = CE6A4CF9265202080082966F /* DeviceInformation.swift */; };
		CE6A4CFC265203B80082966F /* UtilesView.swift in Sources */ = {isa = PBXBuildFile; fileRef = CE6A4CFB265203B80082966F /* UtilesView.swift */; };
		CE6A4CFE26520B0F0082966F /* RunView.swift in Sources */ = {isa = PBXBuildFile; fileRef = CE6A4CFD26520B0F0082966F /* RunView.swift */; };
		CE6A4D0226522F910082966F /* MLMultiArray+Extension.swift in Sources */ = {isa = PBXBuildFile; fileRef = CE6A4D0126522F910082966F /* MLMultiArray+Extension.swift */; };
		CE6A4D04265230040082966F /* MLModel+Extension.swift in Sources */ = {isa = PBXBuildFile; fileRef = CE6A4D03265230040082966F /* MLModel+Extension.swift */; };
		CE6A4D06265240AB0082966F /* BenchmarkManager.swift in Sources */ = {isa = PBXBuildFile; fileRef = CE6A4D05265240AB0082966F /* BenchmarkManager.swift */; };
		CE6A4D0A265245A40082966F /* BenchmarkDataset.swift in Sources */ = {isa = PBXBuildFile; fileRef = CE6A4D09265245A40082966F /* BenchmarkDataset.swift */; };
		CE6A4D0C2652495C0082966F /* ActivityClassifierUtiles.swift in Sources */ = {isa = PBXBuildFile; fileRef = CE6A4D0B2652495C0082966F /* ActivityClassifierUtiles.swift */; };
		CE6A4D0F26524ECF0082966F /* AccelerometerManager.swift in Sources */ = {isa = PBXBuildFile; fileRef = CE6A4D0E26524ECF0082966F /* AccelerometerManager.swift */; };
		CE6A4D11265259070082966F /* BenchmarkResult.swift in Sources */ = {isa = PBXBuildFile; fileRef = CE6A4D10265259070082966F /* BenchmarkResult.swift */; };
		CE6DAA5126D74C8E0090854F /* Xception.mlmodel in Sources */ = {isa = PBXBuildFile; fileRef = CE6DAA4326D74C8E0090854F /* Xception.mlmodel */; };
		CE6DAA5226D74C8E0090854F /* EfficientNetB0.mlmodel in Sources */ = {isa = PBXBuildFile; fileRef = CE6DAA4426D74C8E0090854F /* EfficientNetB0.mlmodel */; };
		CE6DAA5326D74C8E0090854F /* MobileNetV2.mlmodel in Sources */ = {isa = PBXBuildFile; fileRef = CE6DAA4526D74C8E0090854F /* MobileNetV2.mlmodel */; };
		CE6DAA5426D74C8E0090854F /* SimpleCNN.mlmodel in Sources */ = {isa = PBXBuildFile; fileRef = CE6DAA4626D74C8E0090854F /* SimpleCNN.mlmodel */; };
		CE6DAA5526D74C8E0090854F /* MobileNet.mlmodel in Sources */ = {isa = PBXBuildFile; fileRef = CE6DAA4726D74C8E0090854F /* MobileNet.mlmodel */; };
		CE6DAA5626D74C8E0090854F /* NASNetMobile.mlmodel in Sources */ = {isa = PBXBuildFile; fileRef = CE6DAA4826D74C8E0090854F /* NASNetMobile.mlmodel */; };
		CE6DAA5726D74C8E0090854F /* VGG16.mlmodel in Sources */ = {isa = PBXBuildFile; fileRef = CE6DAA4926D74C8E0090854F /* VGG16.mlmodel */; };
		CE6DAA5826D74C8E0090854F /* MnasNet.mlmodel in Sources */ = {isa = PBXBuildFile; fileRef = CE6DAA4A26D74C8E0090854F /* MnasNet.mlmodel */; };
		CE6DAA5926D74C8E0090854F /* PyramidNet18.mlmodel in Sources */ = {isa = PBXBuildFile; fileRef = CE6DAA4B26D74C8E0090854F /* PyramidNet18.mlmodel */; };
		CE6DAA5A26D74C8E0090854F /* MobileNetV3Small.mlmodel in Sources */ = {isa = PBXBuildFile; fileRef = CE6DAA4C26D74C8E0090854F /* MobileNetV3Small.mlmodel */; };
		CE6DAA5B26D74C8E0090854F /* DenseNet121.mlmodel in Sources */ = {isa = PBXBuildFile; fileRef = CE6DAA4D26D74C8E0090854F /* DenseNet121.mlmodel */; };
		CE6DAA5C26D74C8E0090854F /* ResNet18.mlmodel in Sources */ = {isa = PBXBuildFile; fileRef = CE6DAA4E26D74C8E0090854F /* ResNet18.mlmodel */; };
		CE6DAA5D26D74C8E0090854F /* InceptionV3.mlmodel in Sources */ = {isa = PBXBuildFile; fileRef = CE6DAA4F26D74C8E0090854F /* InceptionV3.mlmodel */; };
		CE6DAA5E26D74C8E0090854F /* EfficientNetLite0.mlmodel in Sources */ = {isa = PBXBuildFile; fileRef = CE6DAA5026D74C8E0090854F /* EfficientNetLite0.mlmodel */; };
		CE8EE072266F750F00BB1C58 /* PyramidNet18Int8.mlmodel in Sources */ = {isa = PBXBuildFile; fileRef = CE8EE05D266F750F00BB1C58 /* PyramidNet18Int8.mlmodel */; };
		CE8EE077266F750F00BB1C58 /* ResNet18Int8.mlmodel in Sources */ = {isa = PBXBuildFile; fileRef = CE8EE062266F750F00BB1C58 /* ResNet18Int8.mlmodel */; };
		CE8EE078266F750F00BB1C58 /* MobileNetInt8.mlmodel in Sources */ = {isa = PBXBuildFile; fileRef = CE8EE063266F750F00BB1C58 /* MobileNetInt8.mlmodel */; };
		CE8EE07C266F750F00BB1C58 /* EfficientNetB0Int8.mlmodel in Sources */ = {isa = PBXBuildFile; fileRef = CE8EE067266F750F00BB1C58 /* EfficientNetB0Int8.mlmodel */; };
		CE8EE080266F750F00BB1C58 /* VGG16Int8.mlmodel in Sources */ = {isa = PBXBuildFile; fileRef = CE8EE06B266F750F00BB1C58 /* VGG16Int8.mlmodel */; };
		CEA24D9E2653874F00C9368E /* ResultView.swift in Sources */ = {isa = PBXBuildFile; fileRef = CEA24D9D2653874F00C9368E /* ResultView.swift */; };
		CEA24DA02653942E00C9368E /* ModelInformation.swift in Sources */ = {isa = PBXBuildFile; fileRef = CEA24D9F2653942E00C9368E /* ModelInformation.swift */; };
		CEBFFB1326E2052E0003592F /* Settings.bundle in Resources */ = {isa = PBXBuildFile; fileRef = CEBFFB1226E2052E0003592F /* Settings.bundle */; };
		CEDD7EAB26E1FE21007366F6 /* GoogleService-Info.plist in Resources */ = {isa = PBXBuildFile; fileRef = CEDD7EAA26E1FE21007366F6 /* GoogleService-Info.plist */; };
		CEF51B87265B923A000D856D /* FirebaseFirestore in Frameworks */ = {isa = PBXBuildFile; productRef = CEF51B86265B923A000D856D /* FirebaseFirestore */; };
		CEFD731B2665BF1400EB10C5 /* BenchmarkUtils.swift in Sources */ = {isa = PBXBuildFile; fileRef = CEFD731A2665BF1400EB10C5 /* BenchmarkUtils.swift */; };
		CEFD731D2665D24B00EB10C5 /* BatteryStateManager.swift in Sources */ = {isa = PBXBuildFile; fileRef = CEFD731C2665D24B00EB10C5 /* BatteryStateManager.swift */; };
/* End PBXBuildFile section */

/* Begin PBXFileReference section */
		CE609C1526D759440039079F /* activitybench_ytest_v2.csv */ = {isa = PBXFileReference; fileEncoding = 4; lastKnownFileType = text; path = activitybench_ytest_v2.csv; sourceTree = "<group>"; };
		CE609C1626D759440039079F /* activitybench_xtest_v2.csv */ = {isa = PBXFileReference; fileEncoding = 4; lastKnownFileType = text; path = activitybench_xtest_v2.csv; sourceTree = "<group>"; };
		CE6A4CE02651FF8C0082966F /* Activitybench.app */ = {isa = PBXFileReference; explicitFileType = wrapper.application; includeInIndex = 0; path = Activitybench.app; sourceTree = BUILT_PRODUCTS_DIR; };
		CE6A4CE32651FF8C0082966F /* ActivitybenchApp.swift */ = {isa = PBXFileReference; lastKnownFileType = sourcecode.swift; path = ActivitybenchApp.swift; sourceTree = "<group>"; };
		CE6A4CE52651FF8C0082966F /* ContentView.swift */ = {isa = PBXFileReference; lastKnownFileType = sourcecode.swift; path = ContentView.swift; sourceTree = "<group>"; };
		CE6A4CE72651FF8D0082966F /* Assets.xcassets */ = {isa = PBXFileReference; lastKnownFileType = folder.assetcatalog; path = Assets.xcassets; sourceTree = "<group>"; };
		CE6A4CEA2651FF8D0082966F /* Preview Assets.xcassets */ = {isa = PBXFileReference; lastKnownFileType = folder.assetcatalog; path = "Preview Assets.xcassets"; sourceTree = "<group>"; };
		CE6A4CEC2651FF8D0082966F /* Info.plist */ = {isa = PBXFileReference; lastKnownFileType = text.plist.xml; path = Info.plist; sourceTree = "<group>"; };
		CE6A4CF32652001F0082966F /* TopView.swift */ = {isa = PBXFileReference; lastKnownFileType = sourcecode.swift; path = TopView.swift; sourceTree = "<group>"; };
		CE6A4CF9265202080082966F /* DeviceInformation.swift */ = {isa = PBXFileReference; lastKnownFileType = sourcecode.swift; path = DeviceInformation.swift; sourceTree = "<group>"; };
		CE6A4CFB265203B80082966F /* UtilesView.swift */ = {isa = PBXFileReference; lastKnownFileType = sourcecode.swift; path = UtilesView.swift; sourceTree = "<group>"; };
		CE6A4CFD26520B0F0082966F /* RunView.swift */ = {isa = PBXFileReference; lastKnownFileType = sourcecode.swift; path = RunView.swift; sourceTree = "<group>"; };
		CE6A4D0126522F910082966F /* MLMultiArray+Extension.swift */ = {isa = PBXFileReference; lastKnownFileType = sourcecode.swift; path = "MLMultiArray+Extension.swift"; sourceTree = "<group>"; };
		CE6A4D03265230040082966F /* MLModel+Extension.swift */ = {isa = PBXFileReference; lastKnownFileType = sourcecode.swift; path = "MLModel+Extension.swift"; sourceTree = "<group>"; };
		CE6A4D05265240AB0082966F /* BenchmarkManager.swift */ = {isa = PBXFileReference; lastKnownFileType = sourcecode.swift; path = BenchmarkManager.swift; sourceTree = "<group>"; };
		CE6A4D09265245A40082966F /* BenchmarkDataset.swift */ = {isa = PBXFileReference; lastKnownFileType = sourcecode.swift; path = BenchmarkDataset.swift; sourceTree = "<group>"; };
		CE6A4D0B2652495C0082966F /* ActivityClassifierUtiles.swift */ = {isa = PBXFileReference; lastKnownFileType = sourcecode.swift; path = ActivityClassifierUtiles.swift; sourceTree = "<group>"; };
		CE6A4D0E26524ECF0082966F /* AccelerometerManager.swift */ = {isa = PBXFileReference; lastKnownFileType = sourcecode.swift; path = AccelerometerManager.swift; sourceTree = "<group>"; };
		CE6A4D10265259070082966F /* BenchmarkResult.swift */ = {isa = PBXFileReference; lastKnownFileType = sourcecode.swift; path = BenchmarkResult.swift; sourceTree = "<group>"; };
		CE6DAA4326D74C8E0090854F /* Xception.mlmodel */ = {isa = PBXFileReference; lastKnownFileType = file.mlmodel; path = Xception.mlmodel; sourceTree = "<group>"; };
		CE6DAA4426D74C8E0090854F /* EfficientNetB0.mlmodel */ = {isa = PBXFileReference; lastKnownFileType = file.mlmodel; path = EfficientNetB0.mlmodel; sourceTree = "<group>"; };
		CE6DAA4526D74C8E0090854F /* MobileNetV2.mlmodel */ = {isa = PBXFileReference; lastKnownFileType = file.mlmodel; path = MobileNetV2.mlmodel; sourceTree = "<group>"; };
		CE6DAA4626D74C8E0090854F /* SimpleCNN.mlmodel */ = {isa = PBXFileReference; lastKnownFileType = file.mlmodel; path = SimpleCNN.mlmodel; sourceTree = "<group>"; };
		CE6DAA4726D74C8E0090854F /* MobileNet.mlmodel */ = {isa = PBXFileReference; lastKnownFileType = file.mlmodel; path = MobileNet.mlmodel; sourceTree = "<group>"; };
		CE6DAA4826D74C8E0090854F /* NASNetMobile.mlmodel */ = {isa = PBXFileReference; lastKnownFileType = file.mlmodel; path = NASNetMobile.mlmodel; sourceTree = "<group>"; };
		CE6DAA4926D74C8E0090854F /* VGG16.mlmodel */ = {isa = PBXFileReference; lastKnownFileType = file.mlmodel; path = VGG16.mlmodel; sourceTree = "<group>"; };
		CE6DAA4A26D74C8E0090854F /* MnasNet.mlmodel */ = {isa = PBXFileReference; lastKnownFileType = file.mlmodel; path = MnasNet.mlmodel; sourceTree = "<group>"; };
		CE6DAA4B26D74C8E0090854F /* PyramidNet18.mlmodel */ = {isa = PBXFileReference; lastKnownFileType = file.mlmodel; path = PyramidNet18.mlmodel; sourceTree = "<group>"; };
		CE6DAA4C26D74C8E0090854F /* MobileNetV3Small.mlmodel */ = {isa = PBXFileReference; lastKnownFileType = file.mlmodel; path = MobileNetV3Small.mlmodel; sourceTree = "<group>"; };
		CE6DAA4D26D74C8E0090854F /* DenseNet121.mlmodel */ = {isa = PBXFileReference; lastKnownFileType = file.mlmodel; path = DenseNet121.mlmodel; sourceTree = "<group>"; };
		CE6DAA4E26D74C8E0090854F /* ResNet18.mlmodel */ = {isa = PBXFileReference; lastKnownFileType = file.mlmodel; path = ResNet18.mlmodel; sourceTree = "<group>"; };
		CE6DAA4F26D74C8E0090854F /* InceptionV3.mlmodel */ = {isa = PBXFileReference; lastKnownFileType = file.mlmodel; path = InceptionV3.mlmodel; sourceTree = "<group>"; };
		CE6DAA5026D74C8E0090854F /* EfficientNetLite0.mlmodel */ = {isa = PBXFileReference; lastKnownFileType = file.mlmodel; path = EfficientNetLite0.mlmodel; sourceTree = "<group>"; };
		CE7D2ACA266779D5006DFD87 /* activitybench_iphone.png */ = {isa = PBXFileReference; lastKnownFileType = image.png; path = activitybench_iphone.png; sourceTree = "<group>"; };
		CE7D2ACB26677C05006DFD87 /* activitybench_ipad.png */ = {isa = PBXFileReference; lastKnownFileType = image.png; path = activitybench_ipad.png; sourceTree = "<group>"; };
		CE8EE05D266F750F00BB1C58 /* PyramidNet18Int8.mlmodel */ = {isa = PBXFileReference; lastKnownFileType = file.mlmodel; path = PyramidNet18Int8.mlmodel; sourceTree = "<group>"; };
		CE8EE062266F750F00BB1C58 /* ResNet18Int8.mlmodel */ = {isa = PBXFileReference; lastKnownFileType = file.mlmodel; path = ResNet18Int8.mlmodel; sourceTree = "<group>"; };
		CE8EE063266F750F00BB1C58 /* MobileNetInt8.mlmodel */ = {isa = PBXFileReference; lastKnownFileType = file.mlmodel; path = MobileNetInt8.mlmodel; sourceTree = "<group>"; };
		CE8EE067266F750F00BB1C58 /* EfficientNetB0Int8.mlmodel */ = {isa = PBXFileReference; lastKnownFileType = file.mlmodel; path = EfficientNetB0Int8.mlmodel; sourceTree = "<group>"; };
		CE8EE06B266F750F00BB1C58 /* VGG16Int8.mlmodel */ = {isa = PBXFileReference; lastKnownFileType = file.mlmodel; path = VGG16Int8.mlmodel; sourceTree = "<group>"; };
		CEA24D9D2653874F00C9368E /* ResultView.swift */ = {isa = PBXFileReference; lastKnownFileType = sourcecode.swift; path = ResultView.swift; sourceTree = "<group>"; };
		CEA24D9F2653942E00C9368E /* ModelInformation.swift */ = {isa = PBXFileReference; lastKnownFileType = sourcecode.swift; path = ModelInformation.swift; sourceTree = "<group>"; };
		CEBFFB1226E2052E0003592F /* Settings.bundle */ = {isa = PBXFileReference; lastKnownFileType = "wrapper.plug-in"; path = Settings.bundle; sourceTree = "<group>"; };
		CEC4C1F9265DD2110080F1E3 /* README.md */ = {isa = PBXFileReference; lastKnownFileType = net.daringfireball.markdown; path = README.md; sourceTree = "<group>"; };
		CEC4C1FB265DD8A20080F1E3 /* Activitybench.entitlements */ = {isa = PBXFileReference; lastKnownFileType = text.plist.entitlements; path = Activitybench.entitlements; sourceTree = "<group>"; };
		CEDD7EAA26E1FE21007366F6 /* GoogleService-Info.plist */ = {isa = PBXFileReference; fileEncoding = 4; lastKnownFileType = text.plist.xml; name = "GoogleService-Info.plist"; path = "../../../../Downloads/GoogleService-Info.plist"; sourceTree = "<group>"; };
		CEFD731A2665BF1400EB10C5 /* BenchmarkUtils.swift */ = {isa = PBXFileReference; lastKnownFileType = sourcecode.swift; path = BenchmarkUtils.swift; sourceTree = "<group>"; };
		CEFD731C2665D24B00EB10C5 /* BatteryStateManager.swift */ = {isa = PBXFileReference; lastKnownFileType = sourcecode.swift; path = BatteryStateManager.swift; sourceTree = "<group>"; };
/* End PBXFileReference section */

/* Begin PBXFrameworksBuildPhase section */
		CE6A4CDD2651FF8C0082966F /* Frameworks */ = {
			isa = PBXFrameworksBuildPhase;
			buildActionMask = 2147483647;
			files = (
				CE6A4CF72652017C0082966F /* DeviceHardware in Frameworks */,
				CEF51B87265B923A000D856D /* FirebaseFirestore in Frameworks */,
			);
			runOnlyForDeploymentPostprocessing = 0;
		};
/* End PBXFrameworksBuildPhase section */

/* Begin PBXGroup section */
		CE6A4CD72651FF8C0082966F = {
			isa = PBXGroup;
			children = (
				CEC4C1FA265DD3960080F1E3 /* materials */,
				CEC4C1F9265DD2110080F1E3 /* README.md */,
				CE6A4CE22651FF8C0082966F /* Activitybench */,
				CE6A4CE12651FF8C0082966F /* Products */,
			);
			sourceTree = "<group>";
		};
		CE6A4CE12651FF8C0082966F /* Products */ = {
			isa = PBXGroup;
			children = (
				CE6A4CE02651FF8C0082966F /* Activitybench.app */,
			);
			name = Products;
			sourceTree = "<group>";
		};
		CE6A4CE22651FF8C0082966F /* Activitybench */ = {
			isa = PBXGroup;
			children = (
				CEDD7EAA26E1FE21007366F6 /* GoogleService-Info.plist */,
				CEC4C1FB265DD8A20080F1E3 /* Activitybench.entitlements */,
				CE6A4CF8265201880082966F /* Model */,
				CE6A4CF22651FFE80082966F /* View */,
				CE6A4CE32651FF8C0082966F /* ActivitybenchApp.swift */,
				CE6A4CE72651FF8D0082966F /* Assets.xcassets */,
				CE6A4CEC2651FF8D0082966F /* Info.plist */,
				CE6A4CE92651FF8D0082966F /* Preview Content */,
				CEBFFB1226E2052E0003592F /* Settings.bundle */,
			);
			path = Activitybench;
			sourceTree = "<group>";
		};
		CE6A4CE92651FF8D0082966F /* Preview Content */ = {
			isa = PBXGroup;
			children = (
				CE6A4CEA2651FF8D0082966F /* Preview Assets.xcassets */,
			);
			path = "Preview Content";
			sourceTree = "<group>";
		};
		CE6A4CF22651FFE80082966F /* View */ = {
			isa = PBXGroup;
			children = (
				CE6A4CE52651FF8C0082966F /* ContentView.swift */,
				CE6A4CF32652001F0082966F /* TopView.swift */,
				CE6A4CFB265203B80082966F /* UtilesView.swift */,
				CE6A4CFD26520B0F0082966F /* RunView.swift */,
				CEA24D9D2653874F00C9368E /* ResultView.swift */,
			);
			path = View;
			sourceTree = "<group>";
		};
		CE6A4CF8265201880082966F /* Model */ = {
			isa = PBXGroup;
			children = (
				CE8EE05B266F750F00BB1C58 /* Classifier */,
				CE8EE06E266F750F00BB1C58 /* Dataset */,
				CE6A4D0D26524E820082966F /* Extensions */,
				CE7BAEB22668ABFA00DC63C7 /* Utilities */,
				CE7BAEB12668ABDE00DC63C7 /* Benchmark */,
			);
			path = Model;
			sourceTree = "<group>";
		};
		CE6A4D0D26524E820082966F /* Extensions */ = {
			isa = PBXGroup;
			children = (
				CE6A4D0126522F910082966F /* MLMultiArray+Extension.swift */,
				CE6A4D03265230040082966F /* MLModel+Extension.swift */,
			);
			path = Extensions;
			sourceTree = "<group>";
		};
		CE7BAEB12668ABDE00DC63C7 /* Benchmark */ = {
			isa = PBXGroup;
			children = (
				CE6A4D05265240AB0082966F /* BenchmarkManager.swift */,
				CE6A4D10265259070082966F /* BenchmarkResult.swift */,
				CE6A4D09265245A40082966F /* BenchmarkDataset.swift */,
				CE6A4D0E26524ECF0082966F /* AccelerometerManager.swift */,
				CEFD731A2665BF1400EB10C5 /* BenchmarkUtils.swift */,
			);
			path = Benchmark;
			sourceTree = "<group>";
		};
		CE7BAEB22668ABFA00DC63C7 /* Utilities */ = {
			isa = PBXGroup;
			children = (
				CE6A4CF9265202080082966F /* DeviceInformation.swift */,
				CE6A4D0B2652495C0082966F /* ActivityClassifierUtiles.swift */,
				CEA24D9F2653942E00C9368E /* ModelInformation.swift */,
				CEFD731C2665D24B00EB10C5 /* BatteryStateManager.swift */,
			);
			path = Utilities;
			sourceTree = "<group>";
		};
		CE8EE05B266F750F00BB1C58 /* Classifier */ = {
			isa = PBXGroup;
			children = (
				CE8EE086266F756B00BB1C58 /* Float32 */,
				CE8EE085266F754D00BB1C58 /* Int8 */,
			);
			path = Classifier;
			sourceTree = "<group>";
		};
		CE8EE06E266F750F00BB1C58 /* Dataset */ = {
			isa = PBXGroup;
			children = (
				CE609C1626D759440039079F /* activitybench_xtest_v2.csv */,
				CE609C1526D759440039079F /* activitybench_ytest_v2.csv */,
			);
			path = Dataset;
			sourceTree = "<group>";
		};
		CE8EE085266F754D00BB1C58 /* Int8 */ = {
			isa = PBXGroup;
			children = (
				CE8EE05D266F750F00BB1C58 /* PyramidNet18Int8.mlmodel */,
				CE8EE062266F750F00BB1C58 /* ResNet18Int8.mlmodel */,
				CE8EE063266F750F00BB1C58 /* MobileNetInt8.mlmodel */,
				CE8EE067266F750F00BB1C58 /* EfficientNetB0Int8.mlmodel */,
				CE8EE06B266F750F00BB1C58 /* VGG16Int8.mlmodel */,
			);
			name = Int8;
			sourceTree = "<group>";
		};
		CE8EE086266F756B00BB1C58 /* Float32 */ = {
			isa = PBXGroup;
			children = (
				CE6DAA4D26D74C8E0090854F /* DenseNet121.mlmodel */,
				CE6DAA4426D74C8E0090854F /* EfficientNetB0.mlmodel */,
				CE6DAA5026D74C8E0090854F /* EfficientNetLite0.mlmodel */,
				CE6DAA4F26D74C8E0090854F /* InceptionV3.mlmodel */,
				CE6DAA4A26D74C8E0090854F /* MnasNet.mlmodel */,
				CE6DAA4726D74C8E0090854F /* MobileNet.mlmodel */,
				CE6DAA4526D74C8E0090854F /* MobileNetV2.mlmodel */,
				CE6DAA4C26D74C8E0090854F /* MobileNetV3Small.mlmodel */,
				CE6DAA4826D74C8E0090854F /* NASNetMobile.mlmodel */,
				CE6DAA4B26D74C8E0090854F /* PyramidNet18.mlmodel */,
				CE6DAA4E26D74C8E0090854F /* ResNet18.mlmodel */,
				CE6DAA4626D74C8E0090854F /* SimpleCNN.mlmodel */,
				CE6DAA4926D74C8E0090854F /* VGG16.mlmodel */,
				CE6DAA4326D74C8E0090854F /* Xception.mlmodel */,
			);
			path = Float32;
			sourceTree = "<group>";
		};
		CEC4C1FA265DD3960080F1E3 /* materials */ = {
			isa = PBXGroup;
			children = (
				CE7D2ACA266779D5006DFD87 /* activitybench_iphone.png */,
				CE7D2ACB26677C05006DFD87 /* activitybench_ipad.png */,
			);
			path = materials;
			sourceTree = "<group>";
		};
/* End PBXGroup section */

/* Begin PBXNativeTarget section */
		CE6A4CDF2651FF8C0082966F /* Activitybench */ = {
			isa = PBXNativeTarget;
			buildConfigurationList = CE6A4CEF2651FF8D0082966F /* Build configuration list for PBXNativeTarget "Activitybench" */;
			buildPhases = (
				CE6A4CDC2651FF8C0082966F /* Sources */,
				CE6A4CDD2651FF8C0082966F /* Frameworks */,
				CE6A4CDE2651FF8C0082966F /* Resources */,
			);
			buildRules = (
			);
			dependencies = (
			);
			name = Activitybench;
			packageProductDependencies = (
				CE6A4CF62652017C0082966F /* DeviceHardware */,
				CEF51B86265B923A000D856D /* FirebaseFirestore */,
			);
			productName = "Activitybench 2";
			productReference = CE6A4CE02651FF8C0082966F /* Activitybench.app */;
			productType = "com.apple.product-type.application";
		};
/* End PBXNativeTarget section */

/* Begin PBXProject section */
		CE6A4CD82651FF8C0082966F /* Project object */ = {
			isa = PBXProject;
			attributes = {
				LastSwiftUpdateCheck = 1250;
				LastUpgradeCheck = 1250;
				TargetAttributes = {
					CE6A4CDF2651FF8C0082966F = {
						CreatedOnToolsVersion = 12.5;
					};
				};
			};
			buildConfigurationList = CE6A4CDB2651FF8C0082966F /* Build configuration list for PBXProject "Activitybench" */;
			compatibilityVersion = "Xcode 9.3";
			developmentRegion = en;
			hasScannedForEncodings = 0;
			knownRegions = (
				en,
				Base,
			);
			mainGroup = CE6A4CD72651FF8C0082966F;
			packageReferences = (
				CE6A4CF52652017C0082966F /* XCRemoteSwiftPackageReference "DeviceHardware" */,
				CEF51B85265B923A000D856D /* XCRemoteSwiftPackageReference "firebase-ios-sdk" */,
			);
			productRefGroup = CE6A4CE12651FF8C0082966F /* Products */;
			projectDirPath = "";
			projectRoot = "";
			targets = (
				CE6A4CDF2651FF8C0082966F /* Activitybench */,
			);
		};
/* End PBXProject section */

/* Begin PBXResourcesBuildPhase section */
		CE6A4CDE2651FF8C0082966F /* Resources */ = {
			isa = PBXResourcesBuildPhase;
			buildActionMask = 2147483647;
			files = (
				CE609C1726D759440039079F /* activitybench_ytest_v2.csv in Resources */,
				CE6A4CEB2651FF8D0082966F /* Preview Assets.xcassets in Resources */,
				CE609C1826D759440039079F /* activitybench_xtest_v2.csv in Resources */,
				CE6A4CE82651FF8D0082966F /* Assets.xcassets in Resources */,
				CEBFFB1326E2052E0003592F /* Settings.bundle in Resources */,
				CEDD7EAB26E1FE21007366F6 /* GoogleService-Info.plist in Resources */,
			);
			runOnlyForDeploymentPostprocessing = 0;
		};
/* End PBXResourcesBuildPhase section */

/* Begin PBXSourcesBuildPhase section */
		CE6A4CDC2651FF8C0082966F /* Sources */ = {
			isa = PBXSourcesBuildPhase;
			buildActionMask = 2147483647;
			files = (
				CE6DAA5C26D74C8E0090854F /* ResNet18.mlmodel in Sources */,
				CE6DAA5426D74C8E0090854F /* SimpleCNN.mlmodel in Sources */,
				CE6DAA5726D74C8E0090854F /* VGG16.mlmodel in Sources */,
				CE6A4CE62651FF8C0082966F /* ContentView.swift in Sources */,
				CE8EE07C266F750F00BB1C58 /* EfficientNetB0Int8.mlmodel in Sources */,
				CE6A4CFA265202080082966F /* DeviceInformation.swift in Sources */,
				CE6DAA5826D74C8E0090854F /* MnasNet.mlmodel in Sources */,
				CE6DAA5D26D74C8E0090854F /* InceptionV3.mlmodel in Sources */,
				CE6DAA5326D74C8E0090854F /* MobileNetV2.mlmodel in Sources */,
				CE8EE080266F750F00BB1C58 /* VGG16Int8.mlmodel in Sources */,
				CE6DAA5226D74C8E0090854F /* EfficientNetB0.mlmodel in Sources */,
				CEFD731D2665D24B00EB10C5 /* BatteryStateManager.swift in Sources */,
				CE6A4CFE26520B0F0082966F /* RunView.swift in Sources */,
				CE6DAA5626D74C8E0090854F /* NASNetMobile.mlmodel in Sources */,
				CE6DAA5126D74C8E0090854F /* Xception.mlmodel in Sources */,
				CEA24D9E2653874F00C9368E /* ResultView.swift in Sources */,
				CE6DAA5526D74C8E0090854F /* MobileNet.mlmodel in Sources */,
				CE6A4CFC265203B80082966F /* UtilesView.swift in Sources */,
				CE6A4D04265230040082966F /* MLModel+Extension.swift in Sources */,
				CE6DAA5A26D74C8E0090854F /* MobileNetV3Small.mlmodel in Sources */,
				CE8EE077266F750F00BB1C58 /* ResNet18Int8.mlmodel in Sources */,
				CE6A4D06265240AB0082966F /* BenchmarkManager.swift in Sources */,
				CE8EE072266F750F00BB1C58 /* PyramidNet18Int8.mlmodel in Sources */,
				CE6DAA5E26D74C8E0090854F /* EfficientNetLite0.mlmodel in Sources */,
				CEA24DA02653942E00C9368E /* ModelInformation.swift in Sources */,
				CE6A4D0A265245A40082966F /* BenchmarkDataset.swift in Sources */,
				CE6A4D0F26524ECF0082966F /* AccelerometerManager.swift in Sources */,
				CE6A4CF42652001F0082966F /* TopView.swift in Sources */,
				CE6A4D0226522F910082966F /* MLMultiArray+Extension.swift in Sources */,
				CEFD731B2665BF1400EB10C5 /* BenchmarkUtils.swift in Sources */,
				CE8EE078266F750F00BB1C58 /* MobileNetInt8.mlmodel in Sources */,
				CE6DAA5926D74C8E0090854F /* PyramidNet18.mlmodel in Sources */,
				CE6A4CE42651FF8C0082966F /* ActivitybenchApp.swift in Sources */,
				CE6A4D11265259070082966F /* BenchmarkResult.swift in Sources */,
				CE6A4D0C2652495C0082966F /* ActivityClassifierUtiles.swift in Sources */,
				CE6DAA5B26D74C8E0090854F /* DenseNet121.mlmodel in Sources */,
			);
			runOnlyForDeploymentPostprocessing = 0;
		};
/* End PBXSourcesBuildPhase section */

/* Begin XCBuildConfiguration section */
		CE6A4CED2651FF8D0082966F /* Debug */ = {
			isa = XCBuildConfiguration;
			buildSettings = {
				ALWAYS_SEARCH_USER_PATHS = NO;
				CLANG_ANALYZER_NONNULL = YES;
				CLANG_ANALYZER_NUMBER_OBJECT_CONVERSION = YES_AGGRESSIVE;
				CLANG_CXX_LANGUAGE_STANDARD = "gnu++14";
				CLANG_CXX_LIBRARY = "libc++";
				CLANG_ENABLE_MODULES = YES;
				CLANG_ENABLE_OBJC_ARC = YES;
				CLANG_ENABLE_OBJC_WEAK = YES;
				CLANG_WARN_BLOCK_CAPTURE_AUTORELEASING = YES;
				CLANG_WARN_BOOL_CONVERSION = YES;
				CLANG_WARN_COMMA = YES;
				CLANG_WARN_CONSTANT_CONVERSION = YES;
				CLANG_WARN_DEPRECATED_OBJC_IMPLEMENTATIONS = YES;
				CLANG_WARN_DIRECT_OBJC_ISA_USAGE = YES_ERROR;
				CLANG_WARN_DOCUMENTATION_COMMENTS = YES;
				CLANG_WARN_EMPTY_BODY = YES;
				CLANG_WARN_ENUM_CONVERSION = YES;
				CLANG_WARN_INFINITE_RECURSION = YES;
				CLANG_WARN_INT_CONVERSION = YES;
				CLANG_WARN_NON_LITERAL_NULL_CONVERSION = YES;
				CLANG_WARN_OBJC_IMPLICIT_RETAIN_SELF = YES;
				CLANG_WARN_OBJC_LITERAL_CONVERSION = YES;
				CLANG_WARN_OBJC_ROOT_CLASS = YES_ERROR;
				CLANG_WARN_QUOTED_INCLUDE_IN_FRAMEWORK_HEADER = YES;
				CLANG_WARN_RANGE_LOOP_ANALYSIS = YES;
				CLANG_WARN_STRICT_PROTOTYPES = YES;
				CLANG_WARN_SUSPICIOUS_MOVE = YES;
				CLANG_WARN_UNGUARDED_AVAILABILITY = YES_AGGRESSIVE;
				CLANG_WARN_UNREACHABLE_CODE = YES;
				CLANG_WARN__DUPLICATE_METHOD_MATCH = YES;
				COPY_PHASE_STRIP = NO;
				DEBUG_INFORMATION_FORMAT = dwarf;
				ENABLE_STRICT_OBJC_MSGSEND = YES;
				ENABLE_TESTABILITY = YES;
				GCC_C_LANGUAGE_STANDARD = gnu11;
				GCC_DYNAMIC_NO_PIC = NO;
				GCC_NO_COMMON_BLOCKS = YES;
				GCC_OPTIMIZATION_LEVEL = 0;
				GCC_PREPROCESSOR_DEFINITIONS = (
					"DEBUG=1",
					"$(inherited)",
				);
				GCC_WARN_64_TO_32_BIT_CONVERSION = YES;
				GCC_WARN_ABOUT_RETURN_TYPE = YES_ERROR;
				GCC_WARN_UNDECLARED_SELECTOR = YES;
				GCC_WARN_UNINITIALIZED_AUTOS = YES_AGGRESSIVE;
				GCC_WARN_UNUSED_FUNCTION = YES;
				GCC_WARN_UNUSED_VARIABLE = YES;
				IPHONEOS_DEPLOYMENT_TARGET = 14.5;
				MTL_ENABLE_DEBUG_INFO = INCLUDE_SOURCE;
				MTL_FAST_MATH = YES;
				ONLY_ACTIVE_ARCH = YES;
				SDKROOT = iphoneos;
				SWIFT_ACTIVE_COMPILATION_CONDITIONS = DEBUG;
				SWIFT_OPTIMIZATION_LEVEL = "-Onone";
			};
			name = Debug;
		};
		CE6A4CEE2651FF8D0082966F /* Release */ = {
			isa = XCBuildConfiguration;
			buildSettings = {
				ALWAYS_SEARCH_USER_PATHS = NO;
				CLANG_ANALYZER_NONNULL = YES;
				CLANG_ANALYZER_NUMBER_OBJECT_CONVERSION = YES_AGGRESSIVE;
				CLANG_CXX_LANGUAGE_STANDARD = "gnu++14";
				CLANG_CXX_LIBRARY = "libc++";
				CLANG_ENABLE_MODULES = YES;
				CLANG_ENABLE_OBJC_ARC = YES;
				CLANG_ENABLE_OBJC_WEAK = YES;
				CLANG_WARN_BLOCK_CAPTURE_AUTORELEASING = YES;
				CLANG_WARN_BOOL_CONVERSION = YES;
				CLANG_WARN_COMMA = YES;
				CLANG_WARN_CONSTANT_CONVERSION = YES;
				CLANG_WARN_DEPRECATED_OBJC_IMPLEMENTATIONS = YES;
				CLANG_WARN_DIRECT_OBJC_ISA_USAGE = YES_ERROR;
				CLANG_WARN_DOCUMENTATION_COMMENTS = YES;
				CLANG_WARN_EMPTY_BODY = YES;
				CLANG_WARN_ENUM_CONVERSION = YES;
				CLANG_WARN_INFINITE_RECURSION = YES;
				CLANG_WARN_INT_CONVERSION = YES;
				CLANG_WARN_NON_LITERAL_NULL_CONVERSION = YES;
				CLANG_WARN_OBJC_IMPLICIT_RETAIN_SELF = YES;
				CLANG_WARN_OBJC_LITERAL_CONVERSION = YES;
				CLANG_WARN_OBJC_ROOT_CLASS = YES_ERROR;
				CLANG_WARN_QUOTED_INCLUDE_IN_FRAMEWORK_HEADER = YES;
				CLANG_WARN_RANGE_LOOP_ANALYSIS = YES;
				CLANG_WARN_STRICT_PROTOTYPES = YES;
				CLANG_WARN_SUSPICIOUS_MOVE = YES;
				CLANG_WARN_UNGUARDED_AVAILABILITY = YES_AGGRESSIVE;
				CLANG_WARN_UNREACHABLE_CODE = YES;
				CLANG_WARN__DUPLICATE_METHOD_MATCH = YES;
				COPY_PHASE_STRIP = NO;
				DEBUG_INFORMATION_FORMAT = "dwarf-with-dsym";
				ENABLE_NS_ASSERTIONS = NO;
				ENABLE_STRICT_OBJC_MSGSEND = YES;
				GCC_C_LANGUAGE_STANDARD = gnu11;
				GCC_NO_COMMON_BLOCKS = YES;
				GCC_WARN_64_TO_32_BIT_CONVERSION = YES;
				GCC_WARN_ABOUT_RETURN_TYPE = YES_ERROR;
				GCC_WARN_UNDECLARED_SELECTOR = YES;
				GCC_WARN_UNINITIALIZED_AUTOS = YES_AGGRESSIVE;
				GCC_WARN_UNUSED_FUNCTION = YES;
				GCC_WARN_UNUSED_VARIABLE = YES;
				IPHONEOS_DEPLOYMENT_TARGET = 14.5;
				MTL_ENABLE_DEBUG_INFO = NO;
				MTL_FAST_MATH = YES;
				SDKROOT = iphoneos;
				SWIFT_COMPILATION_MODE = wholemodule;
				SWIFT_OPTIMIZATION_LEVEL = "-O";
				VALIDATE_PRODUCT = YES;
			};
			name = Release;
		};
		CE6A4CF02651FF8D0082966F /* Debug */ = {
			isa = XCBuildConfiguration;
			buildSettings = {
				ASSETCATALOG_COMPILER_APPICON_NAME = AppIcon;
				ASSETCATALOG_COMPILER_GLOBAL_ACCENT_COLOR_NAME = AccentColor;
				CODE_SIGN_ENTITLEMENTS = Activitybench/Activitybench.entitlements;
				CODE_SIGN_STYLE = Automatic;
				DEVELOPMENT_ASSET_PATHS = "\"Activitybench/Preview Content\"";
				DEVELOPMENT_TEAM = WHBF4Z49B6;
				ENABLE_PREVIEWS = YES;
				INFOPLIST_FILE = Activitybench/Info.plist;
				IPHONEOS_DEPLOYMENT_TARGET = 14.0;
				LD_RUNPATH_SEARCH_PATHS = (
					"$(inherited)",
					"@executable_path/Frameworks",
				);
				MARKETING_VERSION = 3.3.0;
				OTHER_LDFLAGS = "-ObjC";
				PRODUCT_BUNDLE_IDENTIFIER = com.shakshi.Activitybench;
				PRODUCT_NAME = "$(TARGET_NAME)";
				SUPPORTS_MACCATALYST = NO;
				SUPPORTS_MAC_DESIGNED_FOR_IPHONE_IPAD = NO;
				SWIFT_VERSION = 5.0;
				TARGETED_DEVICE_FAMILY = "1,2";
			};
			name = Debug;
		};
		CE6A4CF12651FF8D0082966F /* Release */ = {
			isa = XCBuildConfiguration;
			buildSettings = {
				ASSETCATALOG_COMPILER_APPICON_NAME = AppIcon;
				ASSETCATALOG_COMPILER_GLOBAL_ACCENT_COLOR_NAME = AccentColor;
				CODE_SIGN_ENTITLEMENTS = Activitybench/Activitybench.entitlements;
				CODE_SIGN_STYLE = Automatic;
				DEVELOPMENT_ASSET_PATHS = "\"Activitybench/Preview Content\"";
				DEVELOPMENT_TEAM = WHBF4Z49B6;
				ENABLE_PREVIEWS = YES;
				INFOPLIST_FILE = Activitybench/Info.plist;
				IPHONEOS_DEPLOYMENT_TARGET = 14.0;
				LD_RUNPATH_SEARCH_PATHS = (
					"$(inherited)",
					"@executable_path/Frameworks",
				);
				MARKETING_VERSION = 3.3.0;
				OTHER_LDFLAGS = "-ObjC";
				PRODUCT_BUNDLE_IDENTIFIER = com.shakshi.Activitybench;
				PRODUCT_NAME = "$(TARGET_NAME)";
				SUPPORTS_MACCATALYST = NO;
				SUPPORTS_MAC_DESIGNED_FOR_IPHONE_IPAD = NO;
				SWIFT_VERSION = 5.0;
				TARGETED_DEVICE_FAMILY = "1,2";
			};
			name = Release;
		};
/* End XCBuildConfiguration section */

/* Begin XCConfigurationList section */
		CE6A4CDB2651FF8C0082966F /* Build configuration list for PBXProject "Activitybench" */ = {
			isa = XCConfigurationList;
			buildConfigurations = (
				CE6A4CED2651FF8D0082966F /* Debug */,
				CE6A4CEE2651FF8D0082966F /* Release */,
			);
			defaultConfigurationIsVisible = 0;
			defaultConfigurationName = Release;
		};
		CE6A4CEF2651FF8D0082966F /* Build configuration list for PBXNativeTarget "Activitybench" */ = {
			isa = XCConfigurationList;
			buildConfigurations = (
				CE6A4CF02651FF8D0082966F /* Debug */,
				CE6A4CF12651FF8D0082966F /* Release */,
			);
			defaultConfigurationIsVisible = 0;
			defaultConfigurationName = Release;
		};
/* End XCConfigurationList section */

/* Begin XCRemoteSwiftPackageReference section */
		CE6A4CF52652017C0082966F /* XCRemoteSwiftPackageReference "DeviceHardware" */ = {
			isa = XCRemoteSwiftPackageReference;
			repositoryURL = "https://github.com/Shakshi3104/DeviceHardware.git";
			requirement = {
				kind = upToNextMajorVersion;
				minimumVersion = 1.0.0;
			};
		};
		CEF51B85265B923A000D856D /* XCRemoteSwiftPackageReference "firebase-ios-sdk" */ = {
			isa = XCRemoteSwiftPackageReference;
			repositoryURL = "https://github.com/firebase/firebase-ios-sdk.git";
			requirement = {
				kind = upToNextMajorVersion;
				minimumVersion = 8.0.0;
			};
		};
/* End XCRemoteSwiftPackageReference section */

/* Begin XCSwiftPackageProductDependency section */
		CE6A4CF62652017C0082966F /* DeviceHardware */ = {
			isa = XCSwiftPackageProductDependency;
			package = CE6A4CF52652017C0082966F /* XCRemoteSwiftPackageReference "DeviceHardware" */;
			productName = DeviceHardware;
		};
		CEF51B86265B923A000D856D /* FirebaseFirestore */ = {
			isa = XCSwiftPackageProductDependency;
			package = CEF51B85265B923A000D856D /* XCRemoteSwiftPackageReference "firebase-ios-sdk" */;
			productName = FirebaseFirestore;
		};
/* End XCSwiftPackageProductDependency section */
	};
	rootObject = CE6A4CD82651FF8C0082966F /* Project object */;
}
