// !$*UTF8*$!
{
	archiveVersion = 1;
	classes = {
	};
	objectVersion = 52;
	objects = {

/* Begin PBXBuildFile section */
		CE1C120B2657552600D07EE1 /* activitybench_xtest.csv in Resources */ = {isa = PBXBuildFile; fileRef = CE1C12092657552600D07EE1 /* activitybench_xtest.csv */; };
		CE1C120C2657552600D07EE1 /* activitybench_ytest.csv in Resources */ = {isa = PBXBuildFile; fileRef = CE1C120A2657552600D07EE1 /* activitybench_ytest.csv */; };
		CE6A4CE42651FF8C0082966F /* Activitybench2App.swift in Sources */ = {isa = PBXBuildFile; fileRef = CE6A4CE32651FF8C0082966F /* Activitybench2App.swift */; };
		CE6A4CE62651FF8C0082966F /* ContentView.swift in Sources */ = {isa = PBXBuildFile; fileRef = CE6A4CE52651FF8C0082966F /* ContentView.swift */; };
		CE6A4CE82651FF8D0082966F /* Assets.xcassets in Resources */ = {isa = PBXBuildFile; fileRef = CE6A4CE72651FF8D0082966F /* Assets.xcassets */; };
		CE6A4CEB2651FF8D0082966F /* Preview Assets.xcassets in Resources */ = {isa = PBXBuildFile; fileRef = CE6A4CEA2651FF8D0082966F /* Preview Assets.xcassets */; };
		CE6A4CF42652001F0082966F /* TopView.swift in Sources */ = {isa = PBXBuildFile; fileRef = CE6A4CF32652001F0082966F /* TopView.swift */; };
		CE6A4CF72652017C0082966F /* DeviceHardware in Frameworks */ = {isa = PBXBuildFile; productRef = CE6A4CF62652017C0082966F /* DeviceHardware */; };
		CE6A4CFA265202080082966F /* DeviceInformation.swift in Sources */ = {isa = PBXBuildFile; fileRef = CE6A4CF9265202080082966F /* DeviceInformation.swift */; };
		CE6A4CFC265203B80082966F /* UtilesView.swift in Sources */ = {isa = PBXBuildFile; fileRef = CE6A4CFB265203B80082966F /* UtilesView.swift */; };
		CE6A4CFE26520B0F0082966F /* RunView.swift in Sources */ = {isa = PBXBuildFile; fileRef = CE6A4CFD26520B0F0082966F /* RunView.swift */; };
		CE6A4D0226522F910082966F /* MLMultiArray+Extension.swift in Sources */ = {isa = PBXBuildFile; fileRef = CE6A4D0126522F910082966F /* MLMultiArray+Extension.swift */; };
		CE6A4D04265230040082966F /* MLModel+Extension.swift in Sources */ = {isa = PBXBuildFile; fileRef = CE6A4D03265230040082966F /* MLModel+Extension.swift */; };
		CE6A4D06265240AB0082966F /* BenchmarkManager.swift in Sources */ = {isa = PBXBuildFile; fileRef = CE6A4D05265240AB0082966F /* BenchmarkManager.swift */; };
		CE6A4D0A265245A40082966F /* BenchmarkDataset.swift in Sources */ = {isa = PBXBuildFile; fileRef = CE6A4D09265245A40082966F /* BenchmarkDataset.swift */; };
		CE6A4D0C2652495C0082966F /* ActivityClassifierUtiles.swift in Sources */ = {isa = PBXBuildFile; fileRef = CE6A4D0B2652495C0082966F /* ActivityClassifierUtiles.swift */; };
		CE6A4D0F26524ECF0082966F /* AccelerometerManager.swift in Sources */ = {isa = PBXBuildFile; fileRef = CE6A4D0E26524ECF0082966F /* AccelerometerManager.swift */; };
		CE6A4D11265259070082966F /* BenchmarkResult.swift in Sources */ = {isa = PBXBuildFile; fileRef = CE6A4D10265259070082966F /* BenchmarkResult.swift */; };
		CEA24D902653546E00C9368E /* PyramidNet18Int8.mlmodel in Sources */ = {isa = PBXBuildFile; fileRef = CEA24D862653546E00C9368E /* PyramidNet18Int8.mlmodel */; };
		CEA24D912653546E00C9368E /* MobileNet.mlmodel in Sources */ = {isa = PBXBuildFile; fileRef = CEA24D872653546E00C9368E /* MobileNet.mlmodel */; };
		CEA24D922653546E00C9368E /* ResNet18Int8.mlmodel in Sources */ = {isa = PBXBuildFile; fileRef = CEA24D882653546E00C9368E /* ResNet18Int8.mlmodel */; };
		CEA24D932653546E00C9368E /* MobileNetInt8.mlmodel in Sources */ = {isa = PBXBuildFile; fileRef = CEA24D892653546E00C9368E /* MobileNetInt8.mlmodel */; };
		CEA24D942653546E00C9368E /* PyramidNet18.mlmodel in Sources */ = {isa = PBXBuildFile; fileRef = CEA24D8A2653546E00C9368E /* PyramidNet18.mlmodel */; };
		CEA24D952653546E00C9368E /* EfficientNetB0Int8.mlmodel in Sources */ = {isa = PBXBuildFile; fileRef = CEA24D8B2653546E00C9368E /* EfficientNetB0Int8.mlmodel */; };
		CEA24D962653546E00C9368E /* VGG16.mlmodel in Sources */ = {isa = PBXBuildFile; fileRef = CEA24D8C2653546E00C9368E /* VGG16.mlmodel */; };
		CEA24D972653546E00C9368E /* EfficientNetB0.mlmodel in Sources */ = {isa = PBXBuildFile; fileRef = CEA24D8D2653546E00C9368E /* EfficientNetB0.mlmodel */; };
		CEA24D982653546E00C9368E /* VGG16Int8.mlmodel in Sources */ = {isa = PBXBuildFile; fileRef = CEA24D8E2653546E00C9368E /* VGG16Int8.mlmodel */; };
		CEA24D992653546E00C9368E /* ResNet18.mlmodel in Sources */ = {isa = PBXBuildFile; fileRef = CEA24D8F2653546E00C9368E /* ResNet18.mlmodel */; };
		CEA24D9E2653874F00C9368E /* ResultView.swift in Sources */ = {isa = PBXBuildFile; fileRef = CEA24D9D2653874F00C9368E /* ResultView.swift */; };
		CEA24DA02653942E00C9368E /* ModelInformation.swift in Sources */ = {isa = PBXBuildFile; fileRef = CEA24D9F2653942E00C9368E /* ModelInformation.swift */; };
		CEF51B84265B91A6000D856D /* GoogleService-Info.plist in Resources */ = {isa = PBXBuildFile; fileRef = CEF51B83265B91A6000D856D /* GoogleService-Info.plist */; };
		CEF51B87265B923A000D856D /* FirebaseFirestore in Frameworks */ = {isa = PBXBuildFile; productRef = CEF51B86265B923A000D856D /* FirebaseFirestore */; };
/* End PBXBuildFile section */

/* Begin PBXFileReference section */
		CE1C12092657552600D07EE1 /* activitybench_xtest.csv */ = {isa = PBXFileReference; fileEncoding = 4; lastKnownFileType = text; path = activitybench_xtest.csv; sourceTree = "<group>"; };
		CE1C120A2657552600D07EE1 /* activitybench_ytest.csv */ = {isa = PBXFileReference; fileEncoding = 4; lastKnownFileType = text; path = activitybench_ytest.csv; sourceTree = "<group>"; };
		CE6A4CE02651FF8C0082966F /* Activitybench 2.app */ = {isa = PBXFileReference; explicitFileType = wrapper.application; includeInIndex = 0; path = "Activitybench 2.app"; sourceTree = BUILT_PRODUCTS_DIR; };
		CE6A4CE32651FF8C0082966F /* Activitybench2App.swift */ = {isa = PBXFileReference; lastKnownFileType = sourcecode.swift; path = Activitybench2App.swift; sourceTree = "<group>"; };
		CE6A4CE52651FF8C0082966F /* ContentView.swift */ = {isa = PBXFileReference; lastKnownFileType = sourcecode.swift; path = ContentView.swift; sourceTree = "<group>"; };
		CE6A4CE72651FF8D0082966F /* Assets.xcassets */ = {isa = PBXFileReference; lastKnownFileType = folder.assetcatalog; path = Assets.xcassets; sourceTree = "<group>"; };
		CE6A4CEA2651FF8D0082966F /* Preview Assets.xcassets */ = {isa = PBXFileReference; lastKnownFileType = folder.assetcatalog; path = "Preview Assets.xcassets"; sourceTree = "<group>"; };
		CE6A4CEC2651FF8D0082966F /* Info.plist */ = {isa = PBXFileReference; lastKnownFileType = text.plist.xml; path = Info.plist; sourceTree = "<group>"; };
		CE6A4CF32652001F0082966F /* TopView.swift */ = {isa = PBXFileReference; lastKnownFileType = sourcecode.swift; path = TopView.swift; sourceTree = "<group>"; };
		CE6A4CF9265202080082966F /* DeviceInformation.swift */ = {isa = PBXFileReference; lastKnownFileType = sourcecode.swift; path = DeviceInformation.swift; sourceTree = "<group>"; };
		CE6A4CFB265203B80082966F /* UtilesView.swift */ = {isa = PBXFileReference; lastKnownFileType = sourcecode.swift; path = UtilesView.swift; sourceTree = "<group>"; };
		CE6A4CFD26520B0F0082966F /* RunView.swift */ = {isa = PBXFileReference; lastKnownFileType = sourcecode.swift; path = RunView.swift; sourceTree = "<group>"; };
		CE6A4D0126522F910082966F /* MLMultiArray+Extension.swift */ = {isa = PBXFileReference; lastKnownFileType = sourcecode.swift; path = "MLMultiArray+Extension.swift"; sourceTree = "<group>"; };
		CE6A4D03265230040082966F /* MLModel+Extension.swift */ = {isa = PBXFileReference; lastKnownFileType = sourcecode.swift; path = "MLModel+Extension.swift"; sourceTree = "<group>"; };
		CE6A4D05265240AB0082966F /* BenchmarkManager.swift */ = {isa = PBXFileReference; lastKnownFileType = sourcecode.swift; path = BenchmarkManager.swift; sourceTree = "<group>"; };
		CE6A4D09265245A40082966F /* BenchmarkDataset.swift */ = {isa = PBXFileReference; lastKnownFileType = sourcecode.swift; path = BenchmarkDataset.swift; sourceTree = "<group>"; };
		CE6A4D0B2652495C0082966F /* ActivityClassifierUtiles.swift */ = {isa = PBXFileReference; lastKnownFileType = sourcecode.swift; path = ActivityClassifierUtiles.swift; sourceTree = "<group>"; };
		CE6A4D0E26524ECF0082966F /* AccelerometerManager.swift */ = {isa = PBXFileReference; lastKnownFileType = sourcecode.swift; path = AccelerometerManager.swift; sourceTree = "<group>"; };
		CE6A4D10265259070082966F /* BenchmarkResult.swift */ = {isa = PBXFileReference; lastKnownFileType = sourcecode.swift; path = BenchmarkResult.swift; sourceTree = "<group>"; };
		CEA24D862653546E00C9368E /* PyramidNet18Int8.mlmodel */ = {isa = PBXFileReference; lastKnownFileType = file.mlmodel; path = PyramidNet18Int8.mlmodel; sourceTree = "<group>"; };
		CEA24D872653546E00C9368E /* MobileNet.mlmodel */ = {isa = PBXFileReference; lastKnownFileType = file.mlmodel; path = MobileNet.mlmodel; sourceTree = "<group>"; };
		CEA24D882653546E00C9368E /* ResNet18Int8.mlmodel */ = {isa = PBXFileReference; lastKnownFileType = file.mlmodel; path = ResNet18Int8.mlmodel; sourceTree = "<group>"; };
		CEA24D892653546E00C9368E /* MobileNetInt8.mlmodel */ = {isa = PBXFileReference; lastKnownFileType = file.mlmodel; path = MobileNetInt8.mlmodel; sourceTree = "<group>"; };
		CEA24D8A2653546E00C9368E /* PyramidNet18.mlmodel */ = {isa = PBXFileReference; lastKnownFileType = file.mlmodel; path = PyramidNet18.mlmodel; sourceTree = "<group>"; };
		CEA24D8B2653546E00C9368E /* EfficientNetB0Int8.mlmodel */ = {isa = PBXFileReference; lastKnownFileType = file.mlmodel; path = EfficientNetB0Int8.mlmodel; sourceTree = "<group>"; };
		CEA24D8C2653546E00C9368E /* VGG16.mlmodel */ = {isa = PBXFileReference; lastKnownFileType = file.mlmodel; path = VGG16.mlmodel; sourceTree = "<group>"; };
		CEA24D8D2653546E00C9368E /* EfficientNetB0.mlmodel */ = {isa = PBXFileReference; lastKnownFileType = file.mlmodel; path = EfficientNetB0.mlmodel; sourceTree = "<group>"; };
		CEA24D8E2653546E00C9368E /* VGG16Int8.mlmodel */ = {isa = PBXFileReference; lastKnownFileType = file.mlmodel; path = VGG16Int8.mlmodel; sourceTree = "<group>"; };
		CEA24D8F2653546E00C9368E /* ResNet18.mlmodel */ = {isa = PBXFileReference; lastKnownFileType = file.mlmodel; path = ResNet18.mlmodel; sourceTree = "<group>"; };
		CEA24D9D2653874F00C9368E /* ResultView.swift */ = {isa = PBXFileReference; lastKnownFileType = sourcecode.swift; path = ResultView.swift; sourceTree = "<group>"; };
		CEA24D9F2653942E00C9368E /* ModelInformation.swift */ = {isa = PBXFileReference; lastKnownFileType = sourcecode.swift; path = ModelInformation.swift; sourceTree = "<group>"; };
		CEC4C1F9265DD2110080F1E3 /* README.md */ = {isa = PBXFileReference; lastKnownFileType = net.daringfireball.markdown; path = README.md; sourceTree = "<group>"; };
		CEC4C1FB265DD8A20080F1E3 /* Activitybench 2.entitlements */ = {isa = PBXFileReference; lastKnownFileType = text.plist.entitlements; path = "Activitybench 2.entitlements"; sourceTree = "<group>"; };
		CEC4C1FC265DD9760080F1E3 /* activitybench_ipad.png */ = {isa = PBXFileReference; lastKnownFileType = image.png; path = activitybench_ipad.png; sourceTree = "<group>"; };
		CEC4C1FD265DEE980080F1E3 /* activitybench_iphone.png */ = {isa = PBXFileReference; lastKnownFileType = image.png; path = activitybench_iphone.png; sourceTree = "<group>"; };
		CEF51B83265B91A6000D856D /* GoogleService-Info.plist */ = {isa = PBXFileReference; fileEncoding = 4; lastKnownFileType = text.plist.xml; path = "GoogleService-Info.plist"; sourceTree = "<group>"; };
/* End PBXFileReference section */

/* Begin PBXFrameworksBuildPhase section */
		CE6A4CDD2651FF8C0082966F /* Frameworks */ = {
			isa = PBXFrameworksBuildPhase;
			buildActionMask = 2147483647;
			files = (
				CE6A4CF72652017C0082966F /* DeviceHardware in Frameworks */,
				CEF51B87265B923A000D856D /* FirebaseFirestore in Frameworks */,
			);
			runOnlyForDeploymentPostprocessing = 0;
		};
/* End PBXFrameworksBuildPhase section */

/* Begin PBXGroup section */
		CE1C1208265754E900D07EE1 /* Dataset */ = {
			isa = PBXGroup;
			children = (
				CE1C12092657552600D07EE1 /* activitybench_xtest.csv */,
				CE1C120A2657552600D07EE1 /* activitybench_ytest.csv */,
			);
			path = Dataset;
			sourceTree = "<group>";
		};
		CE6A4CD72651FF8C0082966F = {
			isa = PBXGroup;
			children = (
				CEC4C1FA265DD3960080F1E3 /* materials */,
				CEC4C1F9265DD2110080F1E3 /* README.md */,
				CE6A4CE22651FF8C0082966F /* Activitybench 2 */,
				CE6A4CE12651FF8C0082966F /* Products */,
			);
			sourceTree = "<group>";
		};
		CE6A4CE12651FF8C0082966F /* Products */ = {
			isa = PBXGroup;
			children = (
				CE6A4CE02651FF8C0082966F /* Activitybench 2.app */,
			);
			name = Products;
			sourceTree = "<group>";
		};
		CE6A4CE22651FF8C0082966F /* Activitybench 2 */ = {
			isa = PBXGroup;
			children = (
				CEF51B83265B91A6000D856D /* GoogleService-Info.plist */,
				CEC4C1FB265DD8A20080F1E3 /* Activitybench 2.entitlements */,
				CE6A4CF8265201880082966F /* Model */,
				CE6A4CF22651FFE80082966F /* View */,
				CE6A4CE32651FF8C0082966F /* Activitybench2App.swift */,
				CE6A4CE72651FF8D0082966F /* Assets.xcassets */,
				CE6A4CEC2651FF8D0082966F /* Info.plist */,
				CE6A4CE92651FF8D0082966F /* Preview Content */,
			);
			path = "Activitybench 2";
			sourceTree = "<group>";
		};
		CE6A4CE92651FF8D0082966F /* Preview Content */ = {
			isa = PBXGroup;
			children = (
				CE6A4CEA2651FF8D0082966F /* Preview Assets.xcassets */,
			);
			path = "Preview Content";
			sourceTree = "<group>";
		};
		CE6A4CF22651FFE80082966F /* View */ = {
			isa = PBXGroup;
			children = (
				CE6A4CE52651FF8C0082966F /* ContentView.swift */,
				CE6A4CF32652001F0082966F /* TopView.swift */,
				CE6A4CFB265203B80082966F /* UtilesView.swift */,
				CE6A4CFD26520B0F0082966F /* RunView.swift */,
				CEA24D9D2653874F00C9368E /* ResultView.swift */,
			);
			path = View;
			sourceTree = "<group>";
		};
		CE6A4CF8265201880082966F /* Model */ = {
			isa = PBXGroup;
			children = (
				CE1C1208265754E900D07EE1 /* Dataset */,
				CEA24D852653546E00C9368E /* Classifier */,
				CE6A4D0D26524E820082966F /* Extensions */,
				CE6A4CF9265202080082966F /* DeviceInformation.swift */,
				CE6A4D05265240AB0082966F /* BenchmarkManager.swift */,
				CE6A4D10265259070082966F /* BenchmarkResult.swift */,
				CE6A4D09265245A40082966F /* BenchmarkDataset.swift */,
				CE6A4D0B2652495C0082966F /* ActivityClassifierUtiles.swift */,
				CE6A4D0E26524ECF0082966F /* AccelerometerManager.swift */,
				CEA24D9F2653942E00C9368E /* ModelInformation.swift */,
			);
			path = Model;
			sourceTree = "<group>";
		};
		CE6A4D0D26524E820082966F /* Extensions */ = {
			isa = PBXGroup;
			children = (
				CE6A4D0126522F910082966F /* MLMultiArray+Extension.swift */,
				CE6A4D03265230040082966F /* MLModel+Extension.swift */,
			);
			path = Extensions;
			sourceTree = "<group>";
		};
		CEA24D852653546E00C9368E /* Classifier */ = {
			isa = PBXGroup;
			children = (
				CEA24D9C265354CA00C9368E /* Int8 */,
				CEA24D9A2653549B00C9368E /* Float32 */,
			);
			path = Classifier;
			sourceTree = "<group>";
		};
		CEA24D9A2653549B00C9368E /* Float32 */ = {
			isa = PBXGroup;
			children = (
				CEA24D8C2653546E00C9368E /* VGG16.mlmodel */,
				CEA24D8F2653546E00C9368E /* ResNet18.mlmodel */,
				CEA24D872653546E00C9368E /* MobileNet.mlmodel */,
				CEA24D8A2653546E00C9368E /* PyramidNet18.mlmodel */,
				CEA24D8D2653546E00C9368E /* EfficientNetB0.mlmodel */,
			);
			name = Float32;
			sourceTree = "<group>";
		};
		CEA24D9C265354CA00C9368E /* Int8 */ = {
			isa = PBXGroup;
			children = (
				CEA24D862653546E00C9368E /* PyramidNet18Int8.mlmodel */,
				CEA24D882653546E00C9368E /* ResNet18Int8.mlmodel */,
				CEA24D892653546E00C9368E /* MobileNetInt8.mlmodel */,
				CEA24D8B2653546E00C9368E /* EfficientNetB0Int8.mlmodel */,
				CEA24D8E2653546E00C9368E /* VGG16Int8.mlmodel */,
			);
			name = Int8;
			sourceTree = "<group>";
		};
		CEC4C1FA265DD3960080F1E3 /* materials */ = {
			isa = PBXGroup;
			children = (
				CEC4C1FD265DEE980080F1E3 /* activitybench_iphone.png */,
				CEC4C1FC265DD9760080F1E3 /* activitybench_ipad.png */,
			);
			path = materials;
			sourceTree = "<group>";
		};
/* End PBXGroup section */

/* Begin PBXNativeTarget section */
		CE6A4CDF2651FF8C0082966F /* Activitybench 2 */ = {
			isa = PBXNativeTarget;
			buildConfigurationList = CE6A4CEF2651FF8D0082966F /* Build configuration list for PBXNativeTarget "Activitybench 2" */;
			buildPhases = (
				CE6A4CDC2651FF8C0082966F /* Sources */,
				CE6A4CDD2651FF8C0082966F /* Frameworks */,
				CE6A4CDE2651FF8C0082966F /* Resources */,
			);
			buildRules = (
			);
			dependencies = (
			);
			name = "Activitybench 2";
			packageProductDependencies = (
				CE6A4CF62652017C0082966F /* DeviceHardware */,
				CEF51B86265B923A000D856D /* FirebaseFirestore */,
			);
			productName = "Activitybench 2";
			productReference = CE6A4CE02651FF8C0082966F /* Activitybench 2.app */;
			productType = "com.apple.product-type.application";
		};
/* End PBXNativeTarget section */

/* Begin PBXProject section */
		CE6A4CD82651FF8C0082966F /* Project object */ = {
			isa = PBXProject;
			attributes = {
				LastSwiftUpdateCheck = 1250;
				LastUpgradeCheck = 1250;
				TargetAttributes = {
					CE6A4CDF2651FF8C0082966F = {
						CreatedOnToolsVersion = 12.5;
					};
				};
			};
			buildConfigurationList = CE6A4CDB2651FF8C0082966F /* Build configuration list for PBXProject "Activitybench 2" */;
			compatibilityVersion = "Xcode 9.3";
			developmentRegion = en;
			hasScannedForEncodings = 0;
			knownRegions = (
				en,
				Base,
			);
			mainGroup = CE6A4CD72651FF8C0082966F;
			packageReferences = (
				CE6A4CF52652017C0082966F /* XCRemoteSwiftPackageReference "DeviceHardware" */,
				CEF51B85265B923A000D856D /* XCRemoteSwiftPackageReference "firebase-ios-sdk" */,
			);
			productRefGroup = CE6A4CE12651FF8C0082966F /* Products */;
			projectDirPath = "";
			projectRoot = "";
			targets = (
				CE6A4CDF2651FF8C0082966F /* Activitybench 2 */,
			);
		};
/* End PBXProject section */

/* Begin PBXResourcesBuildPhase section */
		CE6A4CDE2651FF8C0082966F /* Resources */ = {
			isa = PBXResourcesBuildPhase;
			buildActionMask = 2147483647;
			files = (
				CE6A4CEB2651FF8D0082966F /* Preview Assets.xcassets in Resources */,
				CE1C120B2657552600D07EE1 /* activitybench_xtest.csv in Resources */,
				CEF51B84265B91A6000D856D /* GoogleService-Info.plist in Resources */,
				CE1C120C2657552600D07EE1 /* activitybench_ytest.csv in Resources */,
				CE6A4CE82651FF8D0082966F /* Assets.xcassets in Resources */,
			);
			runOnlyForDeploymentPostprocessing = 0;
		};
/* End PBXResourcesBuildPhase section */

/* Begin PBXSourcesBuildPhase section */
		CE6A4CDC2651FF8C0082966F /* Sources */ = {
			isa = PBXSourcesBuildPhase;
			buildActionMask = 2147483647;
			files = (
				CEA24D992653546E00C9368E /* ResNet18.mlmodel in Sources */,
				CE6A4CE62651FF8C0082966F /* ContentView.swift in Sources */,
				CE6A4CFA265202080082966F /* DeviceInformation.swift in Sources */,
				CEA24D942653546E00C9368E /* PyramidNet18.mlmodel in Sources */,
				CE6A4CFE26520B0F0082966F /* RunView.swift in Sources */,
				CEA24D9E2653874F00C9368E /* ResultView.swift in Sources */,
				CEA24D962653546E00C9368E /* VGG16.mlmodel in Sources */,
				CE6A4CFC265203B80082966F /* UtilesView.swift in Sources */,
				CE6A4D04265230040082966F /* MLModel+Extension.swift in Sources */,
				CEA24D972653546E00C9368E /* EfficientNetB0.mlmodel in Sources */,
				CE6A4D06265240AB0082966F /* BenchmarkManager.swift in Sources */,
				CEA24DA02653942E00C9368E /* ModelInformation.swift in Sources */,
				CE6A4D0A265245A40082966F /* BenchmarkDataset.swift in Sources */,
				CEA24D952653546E00C9368E /* EfficientNetB0Int8.mlmodel in Sources */,
				CE6A4D0F26524ECF0082966F /* AccelerometerManager.swift in Sources */,
				CE6A4CF42652001F0082966F /* TopView.swift in Sources */,
				CEA24D922653546E00C9368E /* ResNet18Int8.mlmodel in Sources */,
				CEA24D902653546E00C9368E /* PyramidNet18Int8.mlmodel in Sources */,
				CE6A4D0226522F910082966F /* MLMultiArray+Extension.swift in Sources */,
				CEA24D912653546E00C9368E /* MobileNet.mlmodel in Sources */,
				CE6A4CE42651FF8C0082966F /* Activitybench2App.swift in Sources */,
				CE6A4D11265259070082966F /* BenchmarkResult.swift in Sources */,
				CEA24D932653546E00C9368E /* MobileNetInt8.mlmodel in Sources */,
				CE6A4D0C2652495C0082966F /* ActivityClassifierUtiles.swift in Sources */,
				CEA24D982653546E00C9368E /* VGG16Int8.mlmodel in Sources */,
			);
			runOnlyForDeploymentPostprocessing = 0;
		};
/* End PBXSourcesBuildPhase section */

/* Begin XCBuildConfiguration section */
		CE6A4CED2651FF8D0082966F /* Debug */ = {
			isa = XCBuildConfiguration;
			buildSettings = {
				ALWAYS_SEARCH_USER_PATHS = NO;
				CLANG_ANALYZER_NONNULL = YES;
				CLANG_ANALYZER_NUMBER_OBJECT_CONVERSION = YES_AGGRESSIVE;
				CLANG_CXX_LANGUAGE_STANDARD = "gnu++14";
				CLANG_CXX_LIBRARY = "libc++";
				CLANG_ENABLE_MODULES = YES;
				CLANG_ENABLE_OBJC_ARC = YES;
				CLANG_ENABLE_OBJC_WEAK = YES;
				CLANG_WARN_BLOCK_CAPTURE_AUTORELEASING = YES;
				CLANG_WARN_BOOL_CONVERSION = YES;
				CLANG_WARN_COMMA = YES;
				CLANG_WARN_CONSTANT_CONVERSION = YES;
				CLANG_WARN_DEPRECATED_OBJC_IMPLEMENTATIONS = YES;
				CLANG_WARN_DIRECT_OBJC_ISA_USAGE = YES_ERROR;
				CLANG_WARN_DOCUMENTATION_COMMENTS = YES;
				CLANG_WARN_EMPTY_BODY = YES;
				CLANG_WARN_ENUM_CONVERSION = YES;
				CLANG_WARN_INFINITE_RECURSION = YES;
				CLANG_WARN_INT_CONVERSION = YES;
				CLANG_WARN_NON_LITERAL_NULL_CONVERSION = YES;
				CLANG_WARN_OBJC_IMPLICIT_RETAIN_SELF = YES;
				CLANG_WARN_OBJC_LITERAL_CONVERSION = YES;
				CLANG_WARN_OBJC_ROOT_CLASS = YES_ERROR;
				CLANG_WARN_QUOTED_INCLUDE_IN_FRAMEWORK_HEADER = YES;
				CLANG_WARN_RANGE_LOOP_ANALYSIS = YES;
				CLANG_WARN_STRICT_PROTOTYPES = YES;
				CLANG_WARN_SUSPICIOUS_MOVE = YES;
				CLANG_WARN_UNGUARDED_AVAILABILITY = YES_AGGRESSIVE;
				CLANG_WARN_UNREACHABLE_CODE = YES;
				CLANG_WARN__DUPLICATE_METHOD_MATCH = YES;
				COPY_PHASE_STRIP = NO;
				DEBUG_INFORMATION_FORMAT = dwarf;
				ENABLE_STRICT_OBJC_MSGSEND = YES;
				ENABLE_TESTABILITY = YES;
				GCC_C_LANGUAGE_STANDARD = gnu11;
				GCC_DYNAMIC_NO_PIC = NO;
				GCC_NO_COMMON_BLOCKS = YES;
				GCC_OPTIMIZATION_LEVEL = 0;
				GCC_PREPROCESSOR_DEFINITIONS = (
					"DEBUG=1",
					"$(inherited)",
				);
				GCC_WARN_64_TO_32_BIT_CONVERSION = YES;
				GCC_WARN_ABOUT_RETURN_TYPE = YES_ERROR;
				GCC_WARN_UNDECLARED_SELECTOR = YES;
				GCC_WARN_UNINITIALIZED_AUTOS = YES_AGGRESSIVE;
				GCC_WARN_UNUSED_FUNCTION = YES;
				GCC_WARN_UNUSED_VARIABLE = YES;
				IPHONEOS_DEPLOYMENT_TARGET = 14.5;
				MTL_ENABLE_DEBUG_INFO = INCLUDE_SOURCE;
				MTL_FAST_MATH = YES;
				ONLY_ACTIVE_ARCH = YES;
				SDKROOT = iphoneos;
				SWIFT_ACTIVE_COMPILATION_CONDITIONS = DEBUG;
				SWIFT_OPTIMIZATION_LEVEL = "-Onone";
			};
			name = Debug;
		};
		CE6A4CEE2651FF8D0082966F /* Release */ = {
			isa = XCBuildConfiguration;
			buildSettings = {
				ALWAYS_SEARCH_USER_PATHS = NO;
				CLANG_ANALYZER_NONNULL = YES;
				CLANG_ANALYZER_NUMBER_OBJECT_CONVERSION = YES_AGGRESSIVE;
				CLANG_CXX_LANGUAGE_STANDARD = "gnu++14";
				CLANG_CXX_LIBRARY = "libc++";
				CLANG_ENABLE_MODULES = YES;
				CLANG_ENABLE_OBJC_ARC = YES;
				CLANG_ENABLE_OBJC_WEAK = YES;
				CLANG_WARN_BLOCK_CAPTURE_AUTORELEASING = YES;
				CLANG_WARN_BOOL_CONVERSION = YES;
				CLANG_WARN_COMMA = YES;
				CLANG_WARN_CONSTANT_CONVERSION = YES;
				CLANG_WARN_DEPRECATED_OBJC_IMPLEMENTATIONS = YES;
				CLANG_WARN_DIRECT_OBJC_ISA_USAGE = YES_ERROR;
				CLANG_WARN_DOCUMENTATION_COMMENTS = YES;
				CLANG_WARN_EMPTY_BODY = YES;
				CLANG_WARN_ENUM_CONVERSION = YES;
				CLANG_WARN_INFINITE_RECURSION = YES;
				CLANG_WARN_INT_CONVERSION = YES;
				CLANG_WARN_NON_LITERAL_NULL_CONVERSION = YES;
				CLANG_WARN_OBJC_IMPLICIT_RETAIN_SELF = YES;
				CLANG_WARN_OBJC_LITERAL_CONVERSION = YES;
				CLANG_WARN_OBJC_ROOT_CLASS = YES_ERROR;
				CLANG_WARN_QUOTED_INCLUDE_IN_FRAMEWORK_HEADER = YES;
				CLANG_WARN_RANGE_LOOP_ANALYSIS = YES;
				CLANG_WARN_STRICT_PROTOTYPES = YES;
				CLANG_WARN_SUSPICIOUS_MOVE = YES;
				CLANG_WARN_UNGUARDED_AVAILABILITY = YES_AGGRESSIVE;
				CLANG_WARN_UNREACHABLE_CODE = YES;
				CLANG_WARN__DUPLICATE_METHOD_MATCH = YES;
				COPY_PHASE_STRIP = NO;
				DEBUG_INFORMATION_FORMAT = "dwarf-with-dsym";
				ENABLE_NS_ASSERTIONS = NO;
				ENABLE_STRICT_OBJC_MSGSEND = YES;
				GCC_C_LANGUAGE_STANDARD = gnu11;
				GCC_NO_COMMON_BLOCKS = YES;
				GCC_WARN_64_TO_32_BIT_CONVERSION = YES;
				GCC_WARN_ABOUT_RETURN_TYPE = YES_ERROR;
				GCC_WARN_UNDECLARED_SELECTOR = YES;
				GCC_WARN_UNINITIALIZED_AUTOS = YES_AGGRESSIVE;
				GCC_WARN_UNUSED_FUNCTION = YES;
				GCC_WARN_UNUSED_VARIABLE = YES;
				IPHONEOS_DEPLOYMENT_TARGET = 14.5;
				MTL_ENABLE_DEBUG_INFO = NO;
				MTL_FAST_MATH = YES;
				SDKROOT = iphoneos;
				SWIFT_COMPILATION_MODE = wholemodule;
				SWIFT_OPTIMIZATION_LEVEL = "-O";
				VALIDATE_PRODUCT = YES;
			};
			name = Release;
		};
		CE6A4CF02651FF8D0082966F /* Debug */ = {
			isa = XCBuildConfiguration;
			buildSettings = {
				ASSETCATALOG_COMPILER_APPICON_NAME = AppIcon;
				ASSETCATALOG_COMPILER_GLOBAL_ACCENT_COLOR_NAME = AccentColor;
				CODE_SIGN_ENTITLEMENTS = "Activitybench 2/Activitybench 2.entitlements";
				CODE_SIGN_STYLE = Automatic;
				DEVELOPMENT_ASSET_PATHS = "\"Activitybench 2/Preview Content\"";
				DEVELOPMENT_TEAM = WHBF4Z49B6;
				ENABLE_PREVIEWS = YES;
				INFOPLIST_FILE = "Activitybench 2/Info.plist";
				IPHONEOS_DEPLOYMENT_TARGET = 14.0;
				LD_RUNPATH_SEARCH_PATHS = (
					"$(inherited)",
					"@executable_path/Frameworks",
				);
				OTHER_LDFLAGS = "-ObjC";
				PRODUCT_BUNDLE_IDENTIFIER = "com.shakshi.Activitybench-2";
				PRODUCT_NAME = "$(TARGET_NAME)";
				SUPPORTS_MACCATALYST = NO;
				SUPPORTS_MAC_DESIGNED_FOR_IPHONE_IPAD = NO;
				SWIFT_VERSION = 5.0;
				TARGETED_DEVICE_FAMILY = "1,2";
			};
			name = Debug;
		};
		CE6A4CF12651FF8D0082966F /* Release */ = {
			isa = XCBuildConfiguration;
			buildSettings = {
				ASSETCATALOG_COMPILER_APPICON_NAME = AppIcon;
				ASSETCATALOG_COMPILER_GLOBAL_ACCENT_COLOR_NAME = AccentColor;
				CODE_SIGN_ENTITLEMENTS = "Activitybench 2/Activitybench 2.entitlements";
				CODE_SIGN_STYLE = Automatic;
				DEVELOPMENT_ASSET_PATHS = "\"Activitybench 2/Preview Content\"";
				DEVELOPMENT_TEAM = WHBF4Z49B6;
				ENABLE_PREVIEWS = YES;
				INFOPLIST_FILE = "Activitybench 2/Info.plist";
				IPHONEOS_DEPLOYMENT_TARGET = 14.0;
				LD_RUNPATH_SEARCH_PATHS = (
					"$(inherited)",
					"@executable_path/Frameworks",
				);
				OTHER_LDFLAGS = "-ObjC";
				PRODUCT_BUNDLE_IDENTIFIER = "com.shakshi.Activitybench-2";
				PRODUCT_NAME = "$(TARGET_NAME)";
				SUPPORTS_MACCATALYST = NO;
				SUPPORTS_MAC_DESIGNED_FOR_IPHONE_IPAD = NO;
				SWIFT_VERSION = 5.0;
				TARGETED_DEVICE_FAMILY = "1,2";
			};
			name = Release;
		};
/* End XCBuildConfiguration section */

/* Begin XCConfigurationList section */
		CE6A4CDB2651FF8C0082966F /* Build configuration list for PBXProject "Activitybench 2" */ = {
			isa = XCConfigurationList;
			buildConfigurations = (
				CE6A4CED2651FF8D0082966F /* Debug */,
				CE6A4CEE2651FF8D0082966F /* Release */,
			);
			defaultConfigurationIsVisible = 0;
			defaultConfigurationName = Release;
		};
		CE6A4CEF2651FF8D0082966F /* Build configuration list for PBXNativeTarget "Activitybench 2" */ = {
			isa = XCConfigurationList;
			buildConfigurations = (
				CE6A4CF02651FF8D0082966F /* Debug */,
				CE6A4CF12651FF8D0082966F /* Release */,
			);
			defaultConfigurationIsVisible = 0;
			defaultConfigurationName = Release;
		};
/* End XCConfigurationList section */

/* Begin XCRemoteSwiftPackageReference section */
		CE6A4CF52652017C0082966F /* XCRemoteSwiftPackageReference "DeviceHardware" */ = {
			isa = XCRemoteSwiftPackageReference;
			repositoryURL = "https://github.com/Shakshi3104/DeviceHardware.git";
			requirement = {
				kind = upToNextMajorVersion;
				minimumVersion = 1.0.0;
			};
		};
		CEF51B85265B923A000D856D /* XCRemoteSwiftPackageReference "firebase-ios-sdk" */ = {
			isa = XCRemoteSwiftPackageReference;
			repositoryURL = "https://github.com/firebase/firebase-ios-sdk.git";
			requirement = {
				kind = upToNextMajorVersion;
				minimumVersion = 8.0.0;
			};
		};
/* End XCRemoteSwiftPackageReference section */

/* Begin XCSwiftPackageProductDependency section */
		CE6A4CF62652017C0082966F /* DeviceHardware */ = {
			isa = XCSwiftPackageProductDependency;
			package = CE6A4CF52652017C0082966F /* XCRemoteSwiftPackageReference "DeviceHardware" */;
			productName = DeviceHardware;
		};
		CEF51B86265B923A000D856D /* FirebaseFirestore */ = {
			isa = XCSwiftPackageProductDependency;
			package = CEF51B85265B923A000D856D /* XCRemoteSwiftPackageReference "firebase-ios-sdk" */;
			productName = FirebaseFirestore;
		};
/* End XCSwiftPackageProductDependency section */
	};
	rootObject = CE6A4CD82651FF8C0082966F /* Project object */;
}
